
Microsoft Visual Studio Solution File, Format Version 12.00
# Visual Studio 15
VisualStudioVersion = 15.0.27703.2035
MinimumVisualStudioVersion = 10.0.40219.1
Project("{9A19103F-16F7-4668-BE54-9A1E7A4F7556}") = "PizzaLibrary", "PizzaLibrary\PizzaLibrary.csproj", "{7461AC19-F316-4C31-BD55-EE459EEF748F}"
EndProject
Project("{FAE04EC0-301F-11D3-BF4B-00C04F79EFBC}") = "PizzaConsole", "ConsoleApp1\PizzaConsole.csproj", "{1A896A03-CAFA-480F-9563-6E69AE412C54}"
EndProject
Project("{FAE04EC0-301F-11D3-BF4B-00C04F79EFBC}") = "XUnitTestProject2", "XUnitTestProject2\XUnitTestProject2.csproj", "{3196DD1A-DAF7-497A-97C8-0F7B32881AFF}"
EndProject
Global
	GlobalSection(SolutionConfigurationPlatforms) = preSolution
		Debug|Any CPU = Debug|Any CPU
		Release|Any CPU = Release|Any CPU
	EndGlobalSection
	GlobalSection(ProjectConfigurationPlatforms) = postSolution
		{7461AC19-F316-4C31-BD55-EE459EEF748F}.Debug|Any CPU.ActiveCfg = Debug|Any CPU
		{7461AC19-F316-4C31-BD55-EE459EEF748F}.Debug|Any CPU.Build.0 = Debug|Any CPU
		{7461AC19-F316-4C31-BD55-EE459EEF748F}.Release|Any CPU.ActiveCfg = Release|Any CPU
		{7461AC19-F316-4C31-BD55-EE459EEF748F}.Release|Any CPU.Build.0 = Release|Any CPU
		{1A896A03-CAFA-480F-9563-6E69AE412C54}.Debug|Any CPU.ActiveCfg = Debug|Any CPU
		{1A896A03-CAFA-480F-9563-6E69AE412C54}.Debug|Any CPU.Build.0 = Debug|Any CPU
		{1A896A03-CAFA-480F-9563-6E69AE412C54}.Release|Any CPU.ActiveCfg = Release|Any CPU
		{1A896A03-CAFA-480F-9563-6E69AE412C54}.Release|Any CPU.Build.0 = Release|Any CPU
		{3196DD1A-DAF7-497A-97C8-0F7B32881AFF}.Debug|Any CPU.ActiveCfg = Debug|Any CPU
		{3196DD1A-DAF7-497A-97C8-0F7B32881AFF}.Debug|Any CPU.Build.0 = Debug|Any CPU
		{3196DD1A-DAF7-497A-97C8-0F7B32881AFF}.Release|Any CPU.ActiveCfg = Release|Any CPU
		{3196DD1A-DAF7-497A-97C8-0F7B32881AFF}.Release|Any CPU.Build.0 = Release|Any CPU
	EndGlobalSection
	GlobalSection(SolutionProperties) = preSolution
		HideSolutionNode = FALSE
	EndGlobalSection
	GlobalSection(ExtensibilityGlobals) = postSolution
		SolutionGuid = {1C57F8C6-FECD-42E5-BFC4-F03EC678CD78}
	EndGlobalSection
EndGlobal
