
Microsoft Visual Studio Solution File, Format Version 12.00
# Visual Studio 15
VisualStudioVersion = 15.0.27703.2035
MinimumVisualStudioVersion = 10.0.40219.1
Project("{9A19103F-16F7-4668-BE54-9A1E7A4F7556}") = "XUnitTestProject2", "XUnitTestProject2\XUnitTestProject2.csproj", "{3196DD1A-DAF7-497A-97C8-0F7B32881AFF}"
EndProject
Project("{9A19103F-16F7-4668-BE54-9A1E7A4F7556}") = "ContextPizza", "ContextPizza\ContextPizza.csproj", "{F7F17721-3828-4487-89F6-5257210649A8}"
EndProject
Project("{9A19103F-16F7-4668-BE54-9A1E7A4F7556}") = "ConsolePizza", "ConsolePizza\ConsolePizza.csproj", "{0AE8EC75-59FE-4F4C-A32D-8BA0313D9A82}"
EndProject
Project("{FAE04EC0-301F-11D3-BF4B-00C04F79EFBC}") = "PizzasLibrary", "PizzasLibrary\PizzasLibrary.csproj", "{D624F6FC-A308-46A8-BF2A-EA132CF1A9F3}"
EndProject
Global
	GlobalSection(SolutionConfigurationPlatforms) = preSolution
		Debug|Any CPU = Debug|Any CPU
		Release|Any CPU = Release|Any CPU
	EndGlobalSection
	GlobalSection(ProjectConfigurationPlatforms) = postSolution
		{3196DD1A-DAF7-497A-97C8-0F7B32881AFF}.Debug|Any CPU.ActiveCfg = Debug|Any CPU
		{3196DD1A-DAF7-497A-97C8-0F7B32881AFF}.Debug|Any CPU.Build.0 = Debug|Any CPU
		{3196DD1A-DAF7-497A-97C8-0F7B32881AFF}.Release|Any CPU.ActiveCfg = Release|Any CPU
		{3196DD1A-DAF7-497A-97C8-0F7B32881AFF}.Release|Any CPU.Build.0 = Release|Any CPU
		{F7F17721-3828-4487-89F6-5257210649A8}.Debug|Any CPU.ActiveCfg = Debug|Any CPU
		{F7F17721-3828-4487-89F6-5257210649A8}.Debug|Any CPU.Build.0 = Debug|Any CPU
		{F7F17721-3828-4487-89F6-5257210649A8}.Release|Any CPU.ActiveCfg = Release|Any CPU
		{F7F17721-3828-4487-89F6-5257210649A8}.Release|Any CPU.Build.0 = Release|Any CPU
		{0AE8EC75-59FE-4F4C-A32D-8BA0313D9A82}.Debug|Any CPU.ActiveCfg = Debug|Any CPU
		{0AE8EC75-59FE-4F4C-A32D-8BA0313D9A82}.Debug|Any CPU.Build.0 = Debug|Any CPU
		{0AE8EC75-59FE-4F4C-A32D-8BA0313D9A82}.Release|Any CPU.ActiveCfg = Release|Any CPU
		{0AE8EC75-59FE-4F4C-A32D-8BA0313D9A82}.Release|Any CPU.Build.0 = Release|Any CPU
		{D624F6FC-A308-46A8-BF2A-EA132CF1A9F3}.Debug|Any CPU.ActiveCfg = Debug|Any CPU
		{D624F6FC-A308-46A8-BF2A-EA132CF1A9F3}.Debug|Any CPU.Build.0 = Debug|Any CPU
		{D624F6FC-A308-46A8-BF2A-EA132CF1A9F3}.Release|Any CPU.ActiveCfg = Release|Any CPU
		{D624F6FC-A308-46A8-BF2A-EA132CF1A9F3}.Release|Any CPU.Build.0 = Release|Any CPU
	EndGlobalSection
	GlobalSection(SolutionProperties) = preSolution
		HideSolutionNode = FALSE
	EndGlobalSection
	GlobalSection(ExtensibilityGlobals) = postSolution
		SolutionGuid = {1C57F8C6-FECD-42E5-BFC4-F03EC678CD78}
	EndGlobalSection
EndGlobal
